
Microsoft Visual Studio Solution File, Format Version 12.00
# Visual Studio Version 17
VisualStudioVersion = 17.5.33530.505
MinimumVisualStudioVersion = 10.0.40219.1
Project("{FAE04EC0-301F-11D3-BF4B-00C04F79EFBC}") = "SocialNetwork.Android", "SocialNetwork\SocialNetwork.Android\SocialNetwork.Android.csproj", "{BDD48EA2-F78D-4785-B5FE-CE4628D7F717}"
EndProject
Project("{FAE04EC0-301F-11D3-BF4B-00C04F79EFBC}") = "SocialNetwork.iOS", "SocialNetwork\SocialNetwork.iOS\SocialNetwork.iOS.csproj", "{7FE9C093-B929-45CE-81C4-D9CDE3F1454E}"
EndProject
Project("{FAE04EC0-301F-11D3-BF4B-00C04F79EFBC}") = "SocialNetwork", "SocialNetwork\SocialNetwork\SocialNetwork.csproj", "{70EEE3B9-FC4E-4EDE-ABA2-7285A45FC3EF}"
EndProject
Global
	GlobalSection(SolutionConfigurationPlatforms) = preSolution
		Debug|Any CPU = Debug|Any CPU
		Debug|iPhone = Debug|iPhone
		Debug|iPhoneSimulator = Debug|iPhoneSimulator
		Release|Any CPU = Release|Any CPU
		Release|iPhone = Release|iPhone
		Release|iPhoneSimulator = Release|iPhoneSimulator
	EndGlobalSection
	GlobalSection(ProjectConfigurationPlatforms) = postSolution
		{BDD48EA2-F78D-4785-B5FE-CE4628D7F717}.Debug|Any CPU.ActiveCfg = Debug|Any CPU
		{BDD48EA2-F78D-4785-B5FE-CE4628D7F717}.Debug|Any CPU.Build.0 = Debug|Any CPU
		{BDD48EA2-F78D-4785-B5FE-CE4628D7F717}.Debug|Any CPU.Deploy.0 = Debug|Any CPU
		{BDD48EA2-F78D-4785-B5FE-CE4628D7F717}.Debug|iPhone.ActiveCfg = Debug|Any CPU
		{BDD48EA2-F78D-4785-B5FE-CE4628D7F717}.Debug|iPhone.Build.0 = Debug|Any CPU
		{BDD48EA2-F78D-4785-B5FE-CE4628D7F717}.Debug|iPhone.Deploy.0 = Debug|Any CPU
		{BDD48EA2-F78D-4785-B5FE-CE4628D7F717}.Debug|iPhoneSimulator.ActiveCfg = Debug|Any CPU
		{BDD48EA2-F78D-4785-B5FE-CE4628D7F717}.Debug|iPhoneSimulator.Build.0 = Debug|Any CPU
		{BDD48EA2-F78D-4785-B5FE-CE4628D7F717}.Debug|iPhoneSimulator.Deploy.0 = Debug|Any CPU
		{BDD48EA2-F78D-4785-B5FE-CE4628D7F717}.Release|Any CPU.ActiveCfg = Release|Any CPU
		{BDD48EA2-F78D-4785-B5FE-CE4628D7F717}.Release|Any CPU.Build.0 = Release|Any CPU
		{BDD48EA2-F78D-4785-B5FE-CE4628D7F717}.Release|Any CPU.Deploy.0 = Release|Any CPU
		{BDD48EA2-F78D-4785-B5FE-CE4628D7F717}.Release|iPhone.ActiveCfg = Release|Any CPU
		{BDD48EA2-F78D-4785-B5FE-CE4628D7F717}.Release|iPhone.Build.0 = Release|Any CPU
		{BDD48EA2-F78D-4785-B5FE-CE4628D7F717}.Release|iPhone.Deploy.0 = Release|Any CPU
		{BDD48EA2-F78D-4785-B5FE-CE4628D7F717}.Release|iPhoneSimulator.ActiveCfg = Release|Any CPU
		{BDD48EA2-F78D-4785-B5FE-CE4628D7F717}.Release|iPhoneSimulator.Build.0 = Release|Any CPU
		{BDD48EA2-F78D-4785-B5FE-CE4628D7F717}.Release|iPhoneSimulator.Deploy.0 = Release|Any CPU
		{7FE9C093-B929-45CE-81C4-D9CDE3F1454E}.Debug|Any CPU.ActiveCfg = Debug|iPhone
		{7FE9C093-B929-45CE-81C4-D9CDE3F1454E}.Debug|Any CPU.Build.0 = Debug|iPhone
		{7FE9C093-B929-45CE-81C4-D9CDE3F1454E}.Debug|Any CPU.Deploy.0 = Debug|iPhone
		{7FE9C093-B929-45CE-81C4-D9CDE3F1454E}.Debug|iPhone.ActiveCfg = Debug|iPhone
		{7FE9C093-B929-45CE-81C4-D9CDE3F1454E}.Debug|iPhone.Build.0 = Debug|iPhone
		{7FE9C093-B929-45CE-81C4-D9CDE3F1454E}.Debug|iPhone.Deploy.0 = Debug|iPhone
		{7FE9C093-B929-45CE-81C4-D9CDE3F1454E}.Debug|iPhoneSimulator.ActiveCfg = Debug|iPhoneSimulator
		{7FE9C093-B929-45CE-81C4-D9CDE3F1454E}.Debug|iPhoneSimulator.Build.0 = Debug|iPhoneSimulator
		{7FE9C093-B929-45CE-81C4-D9CDE3F1454E}.Debug|iPhoneSimulator.Deploy.0 = Debug|iPhoneSimulator
		{7FE9C093-B929-45CE-81C4-D9CDE3F1454E}.Release|Any CPU.ActiveCfg = Release|iPhoneSimulator
		{7FE9C093-B929-45CE-81C4-D9CDE3F1454E}.Release|Any CPU.Build.0 = Release|iPhoneSimulator
		{7FE9C093-B929-45CE-81C4-D9CDE3F1454E}.Release|Any CPU.Deploy.0 = Release|iPhoneSimulator
		{7FE9C093-B929-45CE-81C4-D9CDE3F1454E}.Release|iPhone.ActiveCfg = Release|iPhone
		{7FE9C093-B929-45CE-81C4-D9CDE3F1454E}.Release|iPhone.Build.0 = Release|iPhone
		{7FE9C093-B929-45CE-81C4-D9CDE3F1454E}.Release|iPhone.Deploy.0 = Release|iPhone
		{7FE9C093-B929-45CE-81C4-D9CDE3F1454E}.Release|iPhoneSimulator.ActiveCfg = Release|iPhoneSimulator
		{7FE9C093-B929-45CE-81C4-D9CDE3F1454E}.Release|iPhoneSimulator.Build.0 = Release|iPhoneSimulator
		{7FE9C093-B929-45CE-81C4-D9CDE3F1454E}.Release|iPhoneSimulator.Deploy.0 = Release|iPhoneSimulator
		{70EEE3B9-FC4E-4EDE-ABA2-7285A45FC3EF}.Debug|Any CPU.ActiveCfg = Debug|Any CPU
		{70EEE3B9-FC4E-4EDE-ABA2-7285A45FC3EF}.Debug|Any CPU.Build.0 = Debug|Any CPU
		{70EEE3B9-FC4E-4EDE-ABA2-7285A45FC3EF}.Debug|Any CPU.Deploy.0 = Debug|Any CPU
		{70EEE3B9-FC4E-4EDE-ABA2-7285A45FC3EF}.Debug|iPhone.ActiveCfg = Debug|Any CPU
		{70EEE3B9-FC4E-4EDE-ABA2-7285A45FC3EF}.Debug|iPhone.Build.0 = Debug|Any CPU
		{70EEE3B9-FC4E-4EDE-ABA2-7285A45FC3EF}.Debug|iPhone.Deploy.0 = Debug|Any CPU
		{70EEE3B9-FC4E-4EDE-ABA2-7285A45FC3EF}.Debug|iPhoneSimulator.ActiveCfg = Debug|Any CPU
		{70EEE3B9-FC4E-4EDE-ABA2-7285A45FC3EF}.Debug|iPhoneSimulator.Build.0 = Debug|Any CPU
		{70EEE3B9-FC4E-4EDE-ABA2-7285A45FC3EF}.Debug|iPhoneSimulator.Deploy.0 = Debug|Any CPU
		{70EEE3B9-FC4E-4EDE-ABA2-7285A45FC3EF}.Release|Any CPU.ActiveCfg = Release|Any CPU
		{70EEE3B9-FC4E-4EDE-ABA2-7285A45FC3EF}.Release|Any CPU.Build.0 = Release|Any CPU
		{70EEE3B9-FC4E-4EDE-ABA2-7285A45FC3EF}.Release|Any CPU.Deploy.0 = Release|Any CPU
		{70EEE3B9-FC4E-4EDE-ABA2-7285A45FC3EF}.Release|iPhone.ActiveCfg = Release|Any CPU
		{70EEE3B9-FC4E-4EDE-ABA2-7285A45FC3EF}.Release|iPhone.Build.0 = Release|Any CPU
		{70EEE3B9-FC4E-4EDE-ABA2-7285A45FC3EF}.Release|iPhone.Deploy.0 = Release|Any CPU
		{70EEE3B9-FC4E-4EDE-ABA2-7285A45FC3EF}.Release|iPhoneSimulator.ActiveCfg = Release|Any CPU
		{70EEE3B9-FC4E-4EDE-ABA2-7285A45FC3EF}.Release|iPhoneSimulator.Build.0 = Release|Any CPU
		{70EEE3B9-FC4E-4EDE-ABA2-7285A45FC3EF}.Release|iPhoneSimulator.Deploy.0 = Release|Any CPU
	EndGlobalSection
	GlobalSection(SolutionProperties) = preSolution
		HideSolutionNode = FALSE
	EndGlobalSection
	GlobalSection(ExtensibilityGlobals) = postSolution
		SolutionGuid = {5A681B9D-D8BD-46CD-BD64-093B8D37416A}
	EndGlobalSection
EndGlobal
